
Microsoft Visual Studio Solution File, Format Version 12.00
# Visual Studio Version 17
VisualStudioVersion = 17.11.35327.3
MinimumVisualStudioVersion = 10.0.40219.1
Project("{F184B08F-C81C-45F6-A57F-5ABD9991F28F}") = "sql_rud_demo", "sql_rud_demo\sql_rud_demo.vbproj", "{A2883E1B-D690-48CD-938F-86A99456B333}"
EndProject
Global
	GlobalSection(SolutionConfigurationPlatforms) = preSolution
		Debug|Any CPU = Debug|Any CPU
		Release|Any CPU = Release|Any CPU
	EndGlobalSection
	GlobalSection(ProjectConfigurationPlatforms) = postSolution
		{A2883E1B-D690-48CD-938F-86A99456B333}.Debug|Any CPU.ActiveCfg = Debug|Any CPU
		{A2883E1B-D690-48CD-938F-86A99456B333}.Debug|Any CPU.Build.0 = Debug|Any CPU
		{A2883E1B-D690-48CD-938F-86A99456B333}.Release|Any CPU.ActiveCfg = Release|Any CPU
		{A2883E1B-D690-48CD-938F-86A99456B333}.Release|Any CPU.Build.0 = Release|Any CPU
	EndGlobalSection
	GlobalSection(SolutionProperties) = preSolution
		HideSolutionNode = FALSE
	EndGlobalSection
	GlobalSection(ExtensibilityGlobals) = postSolution
		SolutionGuid = {C2CD1AD2-EF58-4264-9895-DD1776814963}
	EndGlobalSection
EndGlobal
